// !$*UTF8*$!
{
	archiveVersion = 1;
	classes = {
	};
	objectVersion = 56;
	objects = {

/* Begin PBXBuildFile section */
		19633C672C1058130077586D /* AppDelegate.swift in Sources */ = {isa = PBXBuildFile; fileRef = 19633C662C1058130077586D /* AppDelegate.swift */; };
		19633C692C1058130077586D /* SceneDelegate.swift in Sources */ = {isa = PBXBuildFile; fileRef = 19633C682C1058130077586D /* SceneDelegate.swift */; };
		19633C6E2C1058130077586D /* Base in Resources */ = {isa = PBXBuildFile; fileRef = 19633C6D2C1058130077586D /* Base */; };
		19633C702C1058140077586D /* Assets.xcassets in Resources */ = {isa = PBXBuildFile; fileRef = 19633C6F2C1058140077586D /* Assets.xcassets */; };
		19633C732C1058140077586D /* Base in Resources */ = {isa = PBXBuildFile; fileRef = 19633C722C1058140077586D /* Base */; };
		19633C7E2C1058150077586D /* WeatherTests.swift in Sources */ = {isa = PBXBuildFile; fileRef = 19633C7D2C1058150077586D /* WeatherTests.swift */; };
		19633C882C1058150077586D /* WeatherUITests.swift in Sources */ = {isa = PBXBuildFile; fileRef = 19633C872C1058150077586D /* WeatherUITests.swift */; };
		19633C8A2C1058150077586D /* WeatherUITestsLaunchTests.swift in Sources */ = {isa = PBXBuildFile; fileRef = 19633C892C1058150077586D /* WeatherUITestsLaunchTests.swift */; };
		19633C982C1059520077586D /* WeatherResponse.swift in Sources */ = {isa = PBXBuildFile; fileRef = 19633C972C1059520077586D /* WeatherResponse.swift */; };
		19633C9A2C1059610077586D /* WeatherRepository.swift in Sources */ = {isa = PBXBuildFile; fileRef = 19633C992C1059610077586D /* WeatherRepository.swift */; };
		19633C9D2C1059CB0077586D /* HomeViewController.swift in Sources */ = {isa = PBXBuildFile; fileRef = 19633C9C2C1059CB0077586D /* HomeViewController.swift */; };
		19633C9F2C1059D70077586D /* WeatherDetailViewController.swift in Sources */ = {isa = PBXBuildFile; fileRef = 19633C9E2C1059D70077586D /* WeatherDetailViewController.swift */; };
		19633CA22C1059EF0077586D /* WeatherViewModel.swift in Sources */ = {isa = PBXBuildFile; fileRef = 19633CA12C1059EF0077586D /* WeatherViewModel.swift */; };
		19633CA72C1080740077586D /* WeatherViewModelTests.swift in Sources */ = {isa = PBXBuildFile; fileRef = 19633CA62C1080740077586D /* WeatherViewModelTests.swift */; };
		19633CA92C1081060077586D /* WeatherRepositoryTests.swift in Sources */ = {isa = PBXBuildFile; fileRef = 19633CA82C1081060077586D /* WeatherRepositoryTests.swift */; };
/* End PBXBuildFile section */

/* Begin PBXContainerItemProxy section */
		19633C7A2C1058150077586D /* PBXContainerItemProxy */ = {
			isa = PBXContainerItemProxy;
			containerPortal = 19633C5B2C1058130077586D /* Project object */;
			proxyType = 1;
			remoteGlobalIDString = 19633C622C1058130077586D;
			remoteInfo = Weather;
		};
		19633C842C1058150077586D /* PBXContainerItemProxy */ = {
			isa = PBXContainerItemProxy;
			containerPortal = 19633C5B2C1058130077586D /* Project object */;
			proxyType = 1;
			remoteGlobalIDString = 19633C622C1058130077586D;
			remoteInfo = Weather;
		};
/* End PBXContainerItemProxy section */

/* Begin PBXFileReference section */
		19633C632C1058130077586D /* Weather.app */ = {isa = PBXFileReference; explicitFileType = wrapper.application; includeInIndex = 0; path = Weather.app; sourceTree = BUILT_PRODUCTS_DIR; };
		19633C662C1058130077586D /* AppDelegate.swift */ = {isa = PBXFileReference; lastKnownFileType = sourcecode.swift; path = AppDelegate.swift; sourceTree = "<group>"; };
		19633C682C1058130077586D /* SceneDelegate.swift */ = {isa = PBXFileReference; lastKnownFileType = sourcecode.swift; path = SceneDelegate.swift; sourceTree = "<group>"; };
		19633C6D2C1058130077586D /* Base */ = {isa = PBXFileReference; lastKnownFileType = file.storyboard; name = Base; path = Base.lproj/Main.storyboard; sourceTree = "<group>"; };
		19633C6F2C1058140077586D /* Assets.xcassets */ = {isa = PBXFileReference; lastKnownFileType = folder.assetcatalog; path = Assets.xcassets; sourceTree = "<group>"; };
		19633C722C1058140077586D /* Base */ = {isa = PBXFileReference; lastKnownFileType = file.storyboard; name = Base; path = Base.lproj/LaunchScreen.storyboard; sourceTree = "<group>"; };
		19633C742C1058140077586D /* Info.plist */ = {isa = PBXFileReference; lastKnownFileType = text.plist.xml; path = Info.plist; sourceTree = "<group>"; };
		19633C792C1058150077586D /* WeatherTests.xctest */ = {isa = PBXFileReference; explicitFileType = wrapper.cfbundle; includeInIndex = 0; path = WeatherTests.xctest; sourceTree = BUILT_PRODUCTS_DIR; };
		19633C7D2C1058150077586D /* WeatherTests.swift */ = {isa = PBXFileReference; lastKnownFileType = sourcecode.swift; path = WeatherTests.swift; sourceTree = "<group>"; };
		19633C832C1058150077586D /* WeatherUITests.xctest */ = {isa = PBXFileReference; explicitFileType = wrapper.cfbundle; includeInIndex = 0; path = WeatherUITests.xctest; sourceTree = BUILT_PRODUCTS_DIR; };
		19633C872C1058150077586D /* WeatherUITests.swift */ = {isa = PBXFileReference; lastKnownFileType = sourcecode.swift; path = WeatherUITests.swift; sourceTree = "<group>"; };
		19633C892C1058150077586D /* WeatherUITestsLaunchTests.swift */ = {isa = PBXFileReference; lastKnownFileType = sourcecode.swift; path = WeatherUITestsLaunchTests.swift; sourceTree = "<group>"; };
		19633C972C1059520077586D /* WeatherResponse.swift */ = {isa = PBXFileReference; lastKnownFileType = sourcecode.swift; path = WeatherResponse.swift; sourceTree = "<group>"; };
		19633C992C1059610077586D /* WeatherRepository.swift */ = {isa = PBXFileReference; lastKnownFileType = sourcecode.swift; path = WeatherRepository.swift; sourceTree = "<group>"; };
		19633C9C2C1059CB0077586D /* HomeViewController.swift */ = {isa = PBXFileReference; lastKnownFileType = sourcecode.swift; path = HomeViewController.swift; sourceTree = "<group>"; };
		19633C9E2C1059D70077586D /* WeatherDetailViewController.swift */ = {isa = PBXFileReference; lastKnownFileType = sourcecode.swift; path = WeatherDetailViewController.swift; sourceTree = "<group>"; };
		19633CA12C1059EF0077586D /* WeatherViewModel.swift */ = {isa = PBXFileReference; lastKnownFileType = sourcecode.swift; path = WeatherViewModel.swift; sourceTree = "<group>"; };
		19633CA62C1080740077586D /* WeatherViewModelTests.swift */ = {isa = PBXFileReference; lastKnownFileType = sourcecode.swift; path = WeatherViewModelTests.swift; sourceTree = "<group>"; };
		19633CA82C1081060077586D /* WeatherRepositoryTests.swift */ = {isa = PBXFileReference; lastKnownFileType = sourcecode.swift; path = WeatherRepositoryTests.swift; sourceTree = "<group>"; };
/* End PBXFileReference section */

/* Begin PBXFrameworksBuildPhase section */
		19633C602C1058130077586D /* Frameworks */ = {
			isa = PBXFrameworksBuildPhase;
			buildActionMask = 2147483647;
			files = (
			);
			runOnlyForDeploymentPostprocessing = 0;
		};
		19633C762C1058150077586D /* Frameworks */ = {
			isa = PBXFrameworksBuildPhase;
			buildActionMask = 2147483647;
			files = (
			);
			runOnlyForDeploymentPostprocessing = 0;
		};
		19633C802C1058150077586D /* Frameworks */ = {
			isa = PBXFrameworksBuildPhase;
			buildActionMask = 2147483647;
			files = (
			);
			runOnlyForDeploymentPostprocessing = 0;
		};
/* End PBXFrameworksBuildPhase section */

/* Begin PBXGroup section */
		19633C5A2C1058130077586D = {
			isa = PBXGroup;
			children = (
				19633CA32C105A2E0077586D /* Resources */,
				19633CA02C1059DE0077586D /* ViewModel */,
				19633C9B2C1059950077586D /* View */,
				19633C962C1058F40077586D /* Model */,
				19633C652C1058130077586D /* App */,
				19633C7C2C1058150077586D /* WeatherTests */,
				19633C862C1058150077586D /* WeatherUITests */,
				19633C642C1058130077586D /* Products */,
			);
			sourceTree = "<group>";
		};
		19633C642C1058130077586D /* Products */ = {
			isa = PBXGroup;
			children = (
				19633C632C1058130077586D /* Weather.app */,
				19633C792C1058150077586D /* WeatherTests.xctest */,
				19633C832C1058150077586D /* WeatherUITests.xctest */,
			);
			name = Products;
			sourceTree = "<group>";
		};
		19633C652C1058130077586D /* App */ = {
			isa = PBXGroup;
			children = (
				19633C662C1058130077586D /* AppDelegate.swift */,
				19633C682C1058130077586D /* SceneDelegate.swift */,
				19633C742C1058140077586D /* Info.plist */,
			);
			path = App;
			sourceTree = "<group>";
		};
		19633C7C2C1058150077586D /* WeatherTests */ = {
			isa = PBXGroup;
			children = (
				19633CA52C10803F0077586D /* Repository */,
				19633CA42C1080330077586D /* ViewModel */,
				19633C7D2C1058150077586D /* WeatherTests.swift */,
			);
			path = WeatherTests;
			sourceTree = "<group>";
		};
		19633C862C1058150077586D /* WeatherUITests */ = {
			isa = PBXGroup;
			children = (
				19633C872C1058150077586D /* WeatherUITests.swift */,
				19633C892C1058150077586D /* WeatherUITestsLaunchTests.swift */,
			);
			path = WeatherUITests;
			sourceTree = "<group>";
		};
		19633C962C1058F40077586D /* Model */ = {
			isa = PBXGroup;
			children = (
				19633C972C1059520077586D /* WeatherResponse.swift */,
				19633C992C1059610077586D /* WeatherRepository.swift */,
			);
			path = Model;
			sourceTree = "<group>";
		};
		19633C9B2C1059950077586D /* View */ = {
			isa = PBXGroup;
			children = (
				19633C6C2C1058130077586D /* Main.storyboard */,
				19633C712C1058140077586D /* LaunchScreen.storyboard */,
				19633C9C2C1059CB0077586D /* HomeViewController.swift */,
				19633C9E2C1059D70077586D /* WeatherDetailViewController.swift */,
			);
			path = View;
			sourceTree = "<group>";
		};
		19633CA02C1059DE0077586D /* ViewModel */ = {
			isa = PBXGroup;
			children = (
				19633CA12C1059EF0077586D /* WeatherViewModel.swift */,
			);
			path = ViewModel;
			sourceTree = "<group>";
		};
		19633CA32C105A2E0077586D /* Resources */ = {
			isa = PBXGroup;
			children = (
				19633C6F2C1058140077586D /* Assets.xcassets */,
			);
			path = Resources;
			sourceTree = "<group>";
		};
		19633CA42C1080330077586D /* ViewModel */ = {
			isa = PBXGroup;
			children = (
				19633CA62C1080740077586D /* WeatherViewModelTests.swift */,
			);
			path = ViewModel;
			sourceTree = "<group>";
		};
		19633CA52C10803F0077586D /* Repository */ = {
			isa = PBXGroup;
			children = (
				19633CA82C1081060077586D /* WeatherRepositoryTests.swift */,
			);
			path = Repository;
			sourceTree = "<group>";
		};
/* End PBXGroup section */

/* Begin PBXNativeTarget section */
		19633C622C1058130077586D /* Weather */ = {
			isa = PBXNativeTarget;
			buildConfigurationList = 19633C8D2C1058150077586D /* Build configuration list for PBXNativeTarget "Weather" */;
			buildPhases = (
				19633C5F2C1058130077586D /* Sources */,
				19633C602C1058130077586D /* Frameworks */,
				19633C612C1058130077586D /* Resources */,
			);
			buildRules = (
			);
			dependencies = (
			);
			name = Weather;
			productName = Weather;
			productReference = 19633C632C1058130077586D /* Weather.app */;
			productType = "com.apple.product-type.application";
		};
		19633C782C1058150077586D /* WeatherTests */ = {
			isa = PBXNativeTarget;
			buildConfigurationList = 19633C902C1058150077586D /* Build configuration list for PBXNativeTarget "WeatherTests" */;
			buildPhases = (
				19633C752C1058150077586D /* Sources */,
				19633C762C1058150077586D /* Frameworks */,
				19633C772C1058150077586D /* Resources */,
			);
			buildRules = (
			);
			dependencies = (
				19633C7B2C1058150077586D /* PBXTargetDependency */,
			);
			name = WeatherTests;
			productName = WeatherTests;
			productReference = 19633C792C1058150077586D /* WeatherTests.xctest */;
			productType = "com.apple.product-type.bundle.unit-test";
		};
		19633C822C1058150077586D /* WeatherUITests */ = {
			isa = PBXNativeTarget;
			buildConfigurationList = 19633C932C1058150077586D /* Build configuration list for PBXNativeTarget "WeatherUITests" */;
			buildPhases = (
				19633C7F2C1058150077586D /* Sources */,
				19633C802C1058150077586D /* Frameworks */,
				19633C812C1058150077586D /* Resources */,
			);
			buildRules = (
			);
			dependencies = (
				19633C852C1058150077586D /* PBXTargetDependency */,
			);
			name = WeatherUITests;
			productName = WeatherUITests;
			productReference = 19633C832C1058150077586D /* WeatherUITests.xctest */;
			productType = "com.apple.product-type.bundle.ui-testing";
		};
/* End PBXNativeTarget section */

/* Begin PBXProject section */
		19633C5B2C1058130077586D /* Project object */ = {
			isa = PBXProject;
			attributes = {
				BuildIndependentTargetsInParallel = 1;
				LastSwiftUpdateCheck = 1540;
				LastUpgradeCheck = 1540;
				TargetAttributes = {
					19633C622C1058130077586D = {
						CreatedOnToolsVersion = 15.4;
					};
					19633C782C1058150077586D = {
						CreatedOnToolsVersion = 15.4;
						TestTargetID = 19633C622C1058130077586D;
					};
					19633C822C1058150077586D = {
						CreatedOnToolsVersion = 15.4;
						TestTargetID = 19633C622C1058130077586D;
					};
				};
			};
			buildConfigurationList = 19633C5E2C1058130077586D /* Build configuration list for PBXProject "Weather" */;
			compatibilityVersion = "Xcode 14.0";
			developmentRegion = en;
			hasScannedForEncodings = 0;
			knownRegions = (
				en,
				Base,
			);
			mainGroup = 19633C5A2C1058130077586D;
			productRefGroup = 19633C642C1058130077586D /* Products */;
			projectDirPath = "";
			projectRoot = "";
			targets = (
				19633C622C1058130077586D /* Weather */,
				19633C782C1058150077586D /* WeatherTests */,
				19633C822C1058150077586D /* WeatherUITests */,
			);
		};
/* End PBXProject section */

/* Begin PBXResourcesBuildPhase section */
		19633C612C1058130077586D /* Resources */ = {
			isa = PBXResourcesBuildPhase;
			buildActionMask = 2147483647;
			files = (
				19633C702C1058140077586D /* Assets.xcassets in Resources */,
				19633C732C1058140077586D /* Base in Resources */,
				19633C6E2C1058130077586D /* Base in Resources */,
			);
			runOnlyForDeploymentPostprocessing = 0;
		};
		19633C772C1058150077586D /* Resources */ = {
			isa = PBXResourcesBuildPhase;
			buildActionMask = 2147483647;
			files = (
			);
			runOnlyForDeploymentPostprocessing = 0;
		};
		19633C812C1058150077586D /* Resources */ = {
			isa = PBXResourcesBuildPhase;
			buildActionMask = 2147483647;
			files = (
			);
			runOnlyForDeploymentPostprocessing = 0;
		};
/* End PBXResourcesBuildPhase section */

/* Begin PBXSourcesBuildPhase section */
		19633C5F2C1058130077586D /* Sources */ = {
			isa = PBXSourcesBuildPhase;
			buildActionMask = 2147483647;
			files = (
				19633C672C1058130077586D /* AppDelegate.swift in Sources */,
				19633C9A2C1059610077586D /* WeatherRepository.swift in Sources */,
				19633C9F2C1059D70077586D /* WeatherDetailViewController.swift in Sources */,
				19633C692C1058130077586D /* SceneDelegate.swift in Sources */,
				19633CA22C1059EF0077586D /* WeatherViewModel.swift in Sources */,
				19633C982C1059520077586D /* WeatherResponse.swift in Sources */,
				19633C9D2C1059CB0077586D /* HomeViewController.swift in Sources */,
			);
			runOnlyForDeploymentPostprocessing = 0;
		};
		19633C752C1058150077586D /* Sources */ = {
			isa = PBXSourcesBuildPhase;
			buildActionMask = 2147483647;
			files = (
				19633CA92C1081060077586D /* WeatherRepositoryTests.swift in Sources */,
				19633C7E2C1058150077586D /* WeatherTests.swift in Sources */,
				19633CA72C1080740077586D /* WeatherViewModelTests.swift in Sources */,
			);
			runOnlyForDeploymentPostprocessing = 0;
		};
		19633C7F2C1058150077586D /* Sources */ = {
			isa = PBXSourcesBuildPhase;
			buildActionMask = 2147483647;
			files = (
				19633C882C1058150077586D /* WeatherUITests.swift in Sources */,
				19633C8A2C1058150077586D /* WeatherUITestsLaunchTests.swift in Sources */,
			);
			runOnlyForDeploymentPostprocessing = 0;
		};
/* End PBXSourcesBuildPhase section */

/* Begin PBXTargetDependency section */
		19633C7B2C1058150077586D /* PBXTargetDependency */ = {
			isa = PBXTargetDependency;
			target = 19633C622C1058130077586D /* Weather */;
			targetProxy = 19633C7A2C1058150077586D /* PBXContainerItemProxy */;
		};
		19633C852C1058150077586D /* PBXTargetDependency */ = {
			isa = PBXTargetDependency;
			target = 19633C622C1058130077586D /* Weather */;
			targetProxy = 19633C842C1058150077586D /* PBXContainerItemProxy */;
		};
/* End PBXTargetDependency section */

/* Begin PBXVariantGroup section */
		19633C6C2C1058130077586D /* Main.storyboard */ = {
			isa = PBXVariantGroup;
			children = (
				19633C6D2C1058130077586D /* Base */,
			);
			name = Main.storyboard;
			sourceTree = "<group>";
		};
		19633C712C1058140077586D /* LaunchScreen.storyboard */ = {
			isa = PBXVariantGroup;
			children = (
				19633C722C1058140077586D /* Base */,
			);
			name = LaunchScreen.storyboard;
			sourceTree = "<group>";
		};
/* End PBXVariantGroup section */

/* Begin XCBuildConfiguration section */
		19633C8B2C1058150077586D /* Debug */ = {
			isa = XCBuildConfiguration;
			buildSettings = {
				ALWAYS_SEARCH_USER_PATHS = NO;
				ASSETCATALOG_COMPILER_GENERATE_SWIFT_ASSET_SYMBOL_EXTENSIONS = YES;
				CLANG_ANALYZER_NONNULL = YES;
				CLANG_ANALYZER_NUMBER_OBJECT_CONVERSION = YES_AGGRESSIVE;
				CLANG_CXX_LANGUAGE_STANDARD = "gnu++20";
				CLANG_ENABLE_MODULES = YES;
				CLANG_ENABLE_OBJC_ARC = YES;
				CLANG_ENABLE_OBJC_WEAK = YES;
				CLANG_WARN_BLOCK_CAPTURE_AUTORELEASING = YES;
				CLANG_WARN_BOOL_CONVERSION = YES;
				CLANG_WARN_COMMA = YES;
				CLANG_WARN_CONSTANT_CONVERSION = YES;
				CLANG_WARN_DEPRECATED_OBJC_IMPLEMENTATIONS = YES;
				CLANG_WARN_DIRECT_OBJC_ISA_USAGE = YES_ERROR;
				CLANG_WARN_DOCUMENTATION_COMMENTS = YES;
				CLANG_WARN_EMPTY_BODY = YES;
				CLANG_WARN_ENUM_CONVERSION = YES;
				CLANG_WARN_INFINITE_RECURSION = YES;
				CLANG_WARN_INT_CONVERSION = YES;
				CLANG_WARN_NON_LITERAL_NULL_CONVERSION = YES;
				CLANG_WARN_OBJC_IMPLICIT_RETAIN_SELF = YES;
				CLANG_WARN_OBJC_LITERAL_CONVERSION = YES;
				CLANG_WARN_OBJC_ROOT_CLASS = YES_ERROR;
				CLANG_WARN_QUOTED_INCLUDE_IN_FRAMEWORK_HEADER = YES;
				CLANG_WARN_RANGE_LOOP_ANALYSIS = YES;
				CLANG_WARN_STRICT_PROTOTYPES = YES;
				CLANG_WARN_SUSPICIOUS_MOVE = YES;
				CLANG_WARN_UNGUARDED_AVAILABILITY = YES_AGGRESSIVE;
				CLANG_WARN_UNREACHABLE_CODE = YES;
				CLANG_WARN__DUPLICATE_METHOD_MATCH = YES;
				COPY_PHASE_STRIP = NO;
				DEBUG_INFORMATION_FORMAT = dwarf;
				ENABLE_STRICT_OBJC_MSGSEND = YES;
				ENABLE_TESTABILITY = YES;
				ENABLE_USER_SCRIPT_SANDBOXING = YES;
				GCC_C_LANGUAGE_STANDARD = gnu17;
				GCC_DYNAMIC_NO_PIC = NO;
				GCC_NO_COMMON_BLOCKS = YES;
				GCC_OPTIMIZATION_LEVEL = 0;
				GCC_PREPROCESSOR_DEFINITIONS = (
					"DEBUG=1",
					"$(inherited)",
				);
				GCC_WARN_64_TO_32_BIT_CONVERSION = YES;
				GCC_WARN_ABOUT_RETURN_TYPE = YES_ERROR;
				GCC_WARN_UNDECLARED_SELECTOR = YES;
				GCC_WARN_UNINITIALIZED_AUTOS = YES_AGGRESSIVE;
				GCC_WARN_UNUSED_FUNCTION = YES;
				GCC_WARN_UNUSED_VARIABLE = YES;
				IPHONEOS_DEPLOYMENT_TARGET = 17.5;
				LOCALIZATION_PREFERS_STRING_CATALOGS = YES;
				MTL_ENABLE_DEBUG_INFO = INCLUDE_SOURCE;
				MTL_FAST_MATH = YES;
				ONLY_ACTIVE_ARCH = YES;
				SDKROOT = iphoneos;
				SWIFT_ACTIVE_COMPILATION_CONDITIONS = "DEBUG $(inherited)";
				SWIFT_OPTIMIZATION_LEVEL = "-Onone";
			};
			name = Debug;
		};
		19633C8C2C1058150077586D /* Release */ = {
			isa = XCBuildConfiguration;
			buildSettings = {
				ALWAYS_SEARCH_USER_PATHS = NO;
				ASSETCATALOG_COMPILER_GENERATE_SWIFT_ASSET_SYMBOL_EXTENSIONS = YES;
				CLANG_ANALYZER_NONNULL = YES;
				CLANG_ANALYZER_NUMBER_OBJECT_CONVERSION = YES_AGGRESSIVE;
				CLANG_CXX_LANGUAGE_STANDARD = "gnu++20";
				CLANG_ENABLE_MODULES = YES;
				CLANG_ENABLE_OBJC_ARC = YES;
				CLANG_ENABLE_OBJC_WEAK = YES;
				CLANG_WARN_BLOCK_CAPTURE_AUTORELEASING = YES;
				CLANG_WARN_BOOL_CONVERSION = YES;
				CLANG_WARN_COMMA = YES;
				CLANG_WARN_CONSTANT_CONVERSION = YES;
				CLANG_WARN_DEPRECATED_OBJC_IMPLEMENTATIONS = YES;
				CLANG_WARN_DIRECT_OBJC_ISA_USAGE = YES_ERROR;
				CLANG_WARN_DOCUMENTATION_COMMENTS = YES;
				CLANG_WARN_EMPTY_BODY = YES;
				CLANG_WARN_ENUM_CONVERSION = YES;
				CLANG_WARN_INFINITE_RECURSION = YES;
				CLANG_WARN_INT_CONVERSION = YES;
				CLANG_WARN_NON_LITERAL_NULL_CONVERSION = YES;
				CLANG_WARN_OBJC_IMPLICIT_RETAIN_SELF = YES;
				CLANG_WARN_OBJC_LITERAL_CONVERSION = YES;
				CLANG_WARN_OBJC_ROOT_CLASS = YES_ERROR;
				CLANG_WARN_QUOTED_INCLUDE_IN_FRAMEWORK_HEADER = YES;
				CLANG_WARN_RANGE_LOOP_ANALYSIS = YES;
				CLANG_WARN_STRICT_PROTOTYPES = YES;
				CLANG_WARN_SUSPICIOUS_MOVE = YES;
				CLANG_WARN_UNGUARDED_AVAILABILITY = YES_AGGRESSIVE;
				CLANG_WARN_UNREACHABLE_CODE = YES;
				CLANG_WARN__DUPLICATE_METHOD_MATCH = YES;
				COPY_PHASE_STRIP = NO;
				DEBUG_INFORMATION_FORMAT = "dwarf-with-dsym";
				ENABLE_NS_ASSERTIONS = NO;
				ENABLE_STRICT_OBJC_MSGSEND = YES;
				ENABLE_USER_SCRIPT_SANDBOXING = YES;
				GCC_C_LANGUAGE_STANDARD = gnu17;
				GCC_NO_COMMON_BLOCKS = YES;
				GCC_WARN_64_TO_32_BIT_CONVERSION = YES;
				GCC_WARN_ABOUT_RETURN_TYPE = YES_ERROR;
				GCC_WARN_UNDECLARED_SELECTOR = YES;
				GCC_WARN_UNINITIALIZED_AUTOS = YES_AGGRESSIVE;
				GCC_WARN_UNUSED_FUNCTION = YES;
				GCC_WARN_UNUSED_VARIABLE = YES;
				IPHONEOS_DEPLOYMENT_TARGET = 17.5;
				LOCALIZATION_PREFERS_STRING_CATALOGS = YES;
				MTL_ENABLE_DEBUG_INFO = NO;
				MTL_FAST_MATH = YES;
				SDKROOT = iphoneos;
				SWIFT_COMPILATION_MODE = wholemodule;
				VALIDATE_PRODUCT = YES;
			};
			name = Release;
		};
		19633C8E2C1058150077586D /* Debug */ = {
			isa = XCBuildConfiguration;
			buildSettings = {
				ASSETCATALOG_COMPILER_APPICON_NAME = AppIcon;
				ASSETCATALOG_COMPILER_GLOBAL_ACCENT_COLOR_NAME = AccentColor;
				CODE_SIGN_STYLE = Automatic;
				CURRENT_PROJECT_VERSION = 1;
				DEVELOPMENT_TEAM = 49X4BM8U94;
				GENERATE_INFOPLIST_FILE = YES;
				INFOPLIST_FILE = App/Info.plist;
				INFOPLIST_KEY_UIApplicationSupportsIndirectInputEvents = YES;
				INFOPLIST_KEY_UILaunchStoryboardName = LaunchScreen;
				INFOPLIST_KEY_UIMainStoryboardFile = Main;
				INFOPLIST_KEY_UISupportedInterfaceOrientations_iPad = "UIInterfaceOrientationPortrait UIInterfaceOrientationPortraitUpsideDown UIInterfaceOrientationLandscapeLeft UIInterfaceOrientationLandscapeRight";
				INFOPLIST_KEY_UISupportedInterfaceOrientations_iPhone = "UIInterfaceOrientationPortrait UIInterfaceOrientationLandscapeLeft UIInterfaceOrientationLandscapeRight";
				LD_RUNPATH_SEARCH_PATHS = (
					"$(inherited)",
					"@executable_path/Frameworks",
				);
				MARKETING_VERSION = 1.0;
				PRODUCT_BUNDLE_IDENTIFIER = com.weather.apptest2;
				PRODUCT_NAME = "$(TARGET_NAME)";
				SWIFT_EMIT_LOC_STRINGS = YES;
				SWIFT_VERSION = 5.0;
				TARGETED_DEVICE_FAMILY = "1,2";
			};
			name = Debug;
		};
		19633C8F2C1058150077586D /* Release */ = {
			isa = XCBuildConfiguration;
			buildSettings = {
				ASSETCATALOG_COMPILER_APPICON_NAME = AppIcon;
				ASSETCATALOG_COMPILER_GLOBAL_ACCENT_COLOR_NAME = AccentColor;
				CODE_SIGN_STYLE = Automatic;
				CURRENT_PROJECT_VERSION = 1;
				DEVELOPMENT_TEAM = 49X4BM8U94;
				GENERATE_INFOPLIST_FILE = YES;
				INFOPLIST_FILE = App/Info.plist;
				INFOPLIST_KEY_UIApplicationSupportsIndirectInputEvents = YES;
				INFOPLIST_KEY_UILaunchStoryboardName = LaunchScreen;
				INFOPLIST_KEY_UIMainStoryboardFile = Main;
				INFOPLIST_KEY_UISupportedInterfaceOrientations_iPad = "UIInterfaceOrientationPortrait UIInterfaceOrientationPortraitUpsideDown UIInterfaceOrientationLandscapeLeft UIInterfaceOrientationLandscapeRight";
				INFOPLIST_KEY_UISupportedInterfaceOrientations_iPhone = "UIInterfaceOrientationPortrait UIInterfaceOrientationLandscapeLeft UIInterfaceOrientationLandscapeRight";
				LD_RUNPATH_SEARCH_PATHS = (
					"$(inherited)",
					"@executable_path/Frameworks",
				);
				MARKETING_VERSION = 1.0;
				PRODUCT_BUNDLE_IDENTIFIER = com.weather.apptest2;
				PRODUCT_NAME = "$(TARGET_NAME)";
				SWIFT_EMIT_LOC_STRINGS = YES;
				SWIFT_VERSION = 5.0;
				TARGETED_DEVICE_FAMILY = "1,2";
			};
			name = Release;
		};
		19633C912C1058150077586D /* Debug */ = {
			isa = XCBuildConfiguration;
			buildSettings = {
				ALWAYS_EMBED_SWIFT_STANDARD_LIBRARIES = YES;
				BUNDLE_LOADER = "$(TEST_HOST)";
				CODE_SIGN_STYLE = Automatic;
				CURRENT_PROJECT_VERSION = 1;
				DEVELOPMENT_TEAM = 49X4BM8U94;
				GENERATE_INFOPLIST_FILE = YES;
				IPHONEOS_DEPLOYMENT_TARGET = 17.5;
				MARKETING_VERSION = 1.0;
				PRODUCT_BUNDLE_IDENTIFIER = com.WeatherTests;
				PRODUCT_NAME = "$(TARGET_NAME)";
				SWIFT_EMIT_LOC_STRINGS = NO;
				SWIFT_VERSION = 5.0;
				TARGETED_DEVICE_FAMILY = "1,2";
				TEST_HOST = "$(BUILT_PRODUCTS_DIR)/Weather.app/$(BUNDLE_EXECUTABLE_FOLDER_PATH)/Weather";
			};
			name = Debug;
		};
		19633C922C1058150077586D /* Release */ = {
			isa = XCBuildConfiguration;
			buildSettings = {
				ALWAYS_EMBED_SWIFT_STANDARD_LIBRARIES = YES;
				BUNDLE_LOADER = "$(TEST_HOST)";
				CODE_SIGN_STYLE = Automatic;
				CURRENT_PROJECT_VERSION = 1;
				DEVELOPMENT_TEAM = 49X4BM8U94;
				GENERATE_INFOPLIST_FILE = YES;
				IPHONEOS_DEPLOYMENT_TARGET = 17.5;
				MARKETING_VERSION = 1.0;
				PRODUCT_BUNDLE_IDENTIFIER = com.WeatherTests;
				PRODUCT_NAME = "$(TARGET_NAME)";
				SWIFT_EMIT_LOC_STRINGS = NO;
				SWIFT_VERSION = 5.0;
				TARGETED_DEVICE_FAMILY = "1,2";
				TEST_HOST = "$(BUILT_PRODUCTS_DIR)/Weather.app/$(BUNDLE_EXECUTABLE_FOLDER_PATH)/Weather";
			};
			name = Release;
		};
		19633C942C1058150077586D /* Debug */ = {
			isa = XCBuildConfiguration;
			buildSettings = {
				ALWAYS_EMBED_SWIFT_STANDARD_LIBRARIES = YES;
				CODE_SIGN_STYLE = Automatic;
				CURRENT_PROJECT_VERSION = 1;
				DEVELOPMENT_TEAM = 49X4BM8U94;
				GENERATE_INFOPLIST_FILE = YES;
				MARKETING_VERSION = 1.0;
				PRODUCT_BUNDLE_IDENTIFIER = com.WeatherUITests;
				PRODUCT_NAME = "$(TARGET_NAME)";
				SWIFT_EMIT_LOC_STRINGS = NO;
				SWIFT_VERSION = 5.0;
				TARGETED_DEVICE_FAMILY = "1,2";
				TEST_TARGET_NAME = Weather;
			};
			name = Debug;
		};
		19633C952C1058150077586D /* Release */ = {
			isa = XCBuildConfiguration;
			buildSettings = {
				ALWAYS_EMBED_SWIFT_STANDARD_LIBRARIES = YES;
				CODE_SIGN_STYLE = Automatic;
				CURRENT_PROJECT_VERSION = 1;
				DEVELOPMENT_TEAM = 49X4BM8U94;
				GENERATE_INFOPLIST_FILE = YES;
				MARKETING_VERSION = 1.0;
				PRODUCT_BUNDLE_IDENTIFIER = com.WeatherUITests;
				PRODUCT_NAME = "$(TARGET_NAME)";
				SWIFT_EMIT_LOC_STRINGS = NO;
				SWIFT_VERSION = 5.0;
				TARGETED_DEVICE_FAMILY = "1,2";
				TEST_TARGET_NAME = Weather;
			};
			name = Release;
		};
/* End XCBuildConfiguration section */

/* Begin XCConfigurationList section */
		19633C5E2C1058130077586D /* Build configuration list for PBXProject "Weather" */ = {
			isa = XCConfigurationList;
			buildConfigurations = (
				19633C8B2C1058150077586D /* Debug */,
				19633C8C2C1058150077586D /* Release */,
			);
			defaultConfigurationIsVisible = 0;
			defaultConfigurationName = Release;
		};
		19633C8D2C1058150077586D /* Build configuration list for PBXNativeTarget "Weather" */ = {
			isa = XCConfigurationList;
			buildConfigurations = (
				19633C8E2C1058150077586D /* Debug */,
				19633C8F2C1058150077586D /* Release */,
			);
			defaultConfigurationIsVisible = 0;
			defaultConfigurationName = Release;
		};
		19633C902C1058150077586D /* Build configuration list for PBXNativeTarget "WeatherTests" */ = {
			isa = XCConfigurationList;
			buildConfigurations = (
				19633C912C1058150077586D /* Debug */,
				19633C922C1058150077586D /* Release */,
			);
			defaultConfigurationIsVisible = 0;
			defaultConfigurationName = Release;
		};
		19633C932C1058150077586D /* Build configuration list for PBXNativeTarget "WeatherUITests" */ = {
			isa = XCConfigurationList;
			buildConfigurations = (
				19633C942C1058150077586D /* Debug */,
				19633C952C1058150077586D /* Release */,
			);
			defaultConfigurationIsVisible = 0;
			defaultConfigurationName = Release;
		};
/* End XCConfigurationList section */
	};
	rootObject = 19633C5B2C1058130077586D /* Project object */;
}
